
Microsoft Visual Studio Solution File, Format Version 12.00
# Visual Studio Version 17
VisualStudioVersion = 17.9.34622.214
MinimumVisualStudioVersion = 10.0.40219.1
Project("{9A19103F-16F7-4668-BE54-9A1E7A4F7556}") = "Disarm", "Disarm.csproj", "{E2D5E1D3-DBFF-491D-BD58-89991420061E}"
EndProject
Global
	GlobalSection(SolutionConfigurationPlatforms) = preSolution
		Debug|Any CPU = Debug|Any CPU
		Release|Any CPU = Release|Any CPU
	EndGlobalSection
	GlobalSection(ProjectConfigurationPlatforms) = postSolution
		{E2D5E1D3-DBFF-491D-BD58-89991420061E}.Debug|Any CPU.ActiveCfg = Debug|Any CPU
		{E2D5E1D3-DBFF-491D-BD58-89991420061E}.Debug|Any CPU.Build.0 = Debug|Any CPU
		{E2D5E1D3-DBFF-491D-BD58-89991420061E}.Release|Any CPU.ActiveCfg = Release|Any CPU
		{E2D5E1D3-DBFF-491D-BD58-89991420061E}.Release|Any CPU.Build.0 = Release|Any CPU
	EndGlobalSection
	GlobalSection(SolutionProperties) = preSolution
		HideSolutionNode = FALSE
	EndGlobalSection
	GlobalSection(ExtensibilityGlobals) = postSolution
		SolutionGuid = {4A2EDDDD-BDA8-41C9-B60F-A4E6B8E6B2C9}
	EndGlobalSection
EndGlobal
